
Microsoft Visual Studio Solution File, Format Version 12.00
# Visual Studio Version 17
VisualStudioVersion = 17.4.33205.214
MinimumVisualStudioVersion = 10.0.40219.1
Project("{9A19103F-16F7-4668-BE54-9A1E7A4F7556}") = "Notebook", "Notebook\Notebook.csproj", "{8320A75C-F786-4BB8-BAE3-21A54338C50D}"
EndProject
Project("{9A19103F-16F7-4668-BE54-9A1E7A4F7556}") = "Train", "Train\Train.csproj", "{8822C031-B259-4D05-BED1-B6332E7E8491}"
EndProject
Project("{FAE04EC0-301F-11D3-BF4B-00C04F79EFBC}") = "ClassStructCompare", "ClassStructCompare\ClassStructCompare.csproj", "{CD99CD17-867B-472D-9ADE-821693D1574E}"
EndProject
Project("{FAE04EC0-301F-11D3-BF4B-00C04F79EFBC}") = "StringColorEnum", "StringColorEnum\StringColorEnum.csproj", "{B6B2A1FB-C669-4E72-AA7F-1223D9A8B86B}"
EndProject
Project("{FAE04EC0-301F-11D3-BF4B-00C04F79EFBC}") = "EmployeeBonus", "EmployeeBonus\EmployeeBonus.csproj", "{B8762E81-12ED-4A34-B8AD-997529ABA649}"
EndProject
Global
	GlobalSection(SolutionConfigurationPlatforms) = preSolution
		Debug|Any CPU = Debug|Any CPU
		Release|Any CPU = Release|Any CPU
	EndGlobalSection
	GlobalSection(ProjectConfigurationPlatforms) = postSolution
		{8320A75C-F786-4BB8-BAE3-21A54338C50D}.Debug|Any CPU.ActiveCfg = Debug|Any CPU
		{8320A75C-F786-4BB8-BAE3-21A54338C50D}.Debug|Any CPU.Build.0 = Debug|Any CPU
		{8320A75C-F786-4BB8-BAE3-21A54338C50D}.Release|Any CPU.ActiveCfg = Release|Any CPU
		{8320A75C-F786-4BB8-BAE3-21A54338C50D}.Release|Any CPU.Build.0 = Release|Any CPU
		{8822C031-B259-4D05-BED1-B6332E7E8491}.Debug|Any CPU.ActiveCfg = Debug|Any CPU
		{8822C031-B259-4D05-BED1-B6332E7E8491}.Debug|Any CPU.Build.0 = Debug|Any CPU
		{8822C031-B259-4D05-BED1-B6332E7E8491}.Release|Any CPU.ActiveCfg = Release|Any CPU
		{8822C031-B259-4D05-BED1-B6332E7E8491}.Release|Any CPU.Build.0 = Release|Any CPU
		{CD99CD17-867B-472D-9ADE-821693D1574E}.Debug|Any CPU.ActiveCfg = Debug|Any CPU
		{CD99CD17-867B-472D-9ADE-821693D1574E}.Debug|Any CPU.Build.0 = Debug|Any CPU
		{CD99CD17-867B-472D-9ADE-821693D1574E}.Release|Any CPU.ActiveCfg = Release|Any CPU
		{CD99CD17-867B-472D-9ADE-821693D1574E}.Release|Any CPU.Build.0 = Release|Any CPU
		{B6B2A1FB-C669-4E72-AA7F-1223D9A8B86B}.Debug|Any CPU.ActiveCfg = Debug|Any CPU
		{B6B2A1FB-C669-4E72-AA7F-1223D9A8B86B}.Debug|Any CPU.Build.0 = Debug|Any CPU
		{B6B2A1FB-C669-4E72-AA7F-1223D9A8B86B}.Release|Any CPU.ActiveCfg = Release|Any CPU
		{B6B2A1FB-C669-4E72-AA7F-1223D9A8B86B}.Release|Any CPU.Build.0 = Release|Any CPU
		{B8762E81-12ED-4A34-B8AD-997529ABA649}.Debug|Any CPU.ActiveCfg = Debug|Any CPU
		{B8762E81-12ED-4A34-B8AD-997529ABA649}.Debug|Any CPU.Build.0 = Debug|Any CPU
		{B8762E81-12ED-4A34-B8AD-997529ABA649}.Release|Any CPU.ActiveCfg = Release|Any CPU
		{B8762E81-12ED-4A34-B8AD-997529ABA649}.Release|Any CPU.Build.0 = Release|Any CPU
	EndGlobalSection
	GlobalSection(SolutionProperties) = preSolution
		HideSolutionNode = FALSE
	EndGlobalSection
	GlobalSection(ExtensibilityGlobals) = postSolution
		SolutionGuid = {98ABFECF-29DD-43F8-95FB-667628C953F5}
	EndGlobalSection
EndGlobal
